// !$*UTF8*$!
{
	archiveVersion = 1;
	classes = {
	};
	objectVersion = 50;
	objects = {

/* Begin PBXBuildFile section */
		20F286202280604D001EADCF /* AppDelegate.swift in Sources */ = {isa = PBXBuildFile; fileRef = 20F2861F2280604D001EADCF /* AppDelegate.swift */; };
		20F286222280604D001EADCF /* ViewController.swift in Sources */ = {isa = PBXBuildFile; fileRef = 20F286212280604D001EADCF /* ViewController.swift */; };
		20F286252280604D001EADCF /* Main.storyboard in Resources */ = {isa = PBXBuildFile; fileRef = 20F286232280604D001EADCF /* Main.storyboard */; };
		20F286272280604E001EADCF /* Assets.xcassets in Resources */ = {isa = PBXBuildFile; fileRef = 20F286262280604E001EADCF /* Assets.xcassets */; };
		20F2862A2280604E001EADCF /* LaunchScreen.storyboard in Resources */ = {isa = PBXBuildFile; fileRef = 20F286282280604E001EADCF /* LaunchScreen.storyboard */; };
		20F286352280604E001EADCF /* wordscrambleTests.swift in Sources */ = {isa = PBXBuildFile; fileRef = 20F286342280604E001EADCF /* wordscrambleTests.swift */; };
		20F286402280604E001EADCF /* wordscrambleUITests.swift in Sources */ = {isa = PBXBuildFile; fileRef = 20F2863F2280604E001EADCF /* wordscrambleUITests.swift */; };
		20F2864E2280631C001EADCF /* start.txt in Resources */ = {isa = PBXBuildFile; fileRef = 20F2864D2280631C001EADCF /* start.txt */; };
/* End PBXBuildFile section */

/* Begin PBXContainerItemProxy section */
		20F286312280604E001EADCF /* PBXContainerItemProxy */ = {
			isa = PBXContainerItemProxy;
			containerPortal = 20F286142280604C001EADCF /* Project object */;
			proxyType = 1;
			remoteGlobalIDString = 20F2861B2280604D001EADCF;
			remoteInfo = wordscramble;
		};
		20F2863C2280604E001EADCF /* PBXContainerItemProxy */ = {
			isa = PBXContainerItemProxy;
			containerPortal = 20F286142280604C001EADCF /* Project object */;
			proxyType = 1;
			remoteGlobalIDString = 20F2861B2280604D001EADCF;
			remoteInfo = wordscramble;
		};
/* End PBXContainerItemProxy section */

/* Begin PBXFileReference section */
		20F2861C2280604D001EADCF /* wordscramble.app */ = {isa = PBXFileReference; explicitFileType = wrapper.application; includeInIndex = 0; path = wordscramble.app; sourceTree = BUILT_PRODUCTS_DIR; };
		20F2861F2280604D001EADCF /* AppDelegate.swift */ = {isa = PBXFileReference; lastKnownFileType = sourcecode.swift; path = AppDelegate.swift; sourceTree = "<group>"; };
		20F286212280604D001EADCF /* ViewController.swift */ = {isa = PBXFileReference; lastKnownFileType = sourcecode.swift; path = ViewController.swift; sourceTree = "<group>"; };
		20F286242280604D001EADCF /* Base */ = {isa = PBXFileReference; lastKnownFileType = file.storyboard; name = Base; path = Base.lproj/Main.storyboard; sourceTree = "<group>"; };
		20F286262280604E001EADCF /* Assets.xcassets */ = {isa = PBXFileReference; lastKnownFileType = folder.assetcatalog; path = Assets.xcassets; sourceTree = "<group>"; };
		20F286292280604E001EADCF /* Base */ = {isa = PBXFileReference; lastKnownFileType = file.storyboard; name = Base; path = Base.lproj/LaunchScreen.storyboard; sourceTree = "<group>"; };
		20F2862B2280604E001EADCF /* Info.plist */ = {isa = PBXFileReference; lastKnownFileType = text.plist.xml; path = Info.plist; sourceTree = "<group>"; };
		20F286302280604E001EADCF /* wordscrambleTests.xctest */ = {isa = PBXFileReference; explicitFileType = wrapper.cfbundle; includeInIndex = 0; path = wordscrambleTests.xctest; sourceTree = BUILT_PRODUCTS_DIR; };
		20F286342280604E001EADCF /* wordscrambleTests.swift */ = {isa = PBXFileReference; lastKnownFileType = sourcecode.swift; path = wordscrambleTests.swift; sourceTree = "<group>"; };
		20F286362280604E001EADCF /* Info.plist */ = {isa = PBXFileReference; lastKnownFileType = text.plist.xml; path = Info.plist; sourceTree = "<group>"; };
		20F2863B2280604E001EADCF /* wordscrambleUITests.xctest */ = {isa = PBXFileReference; explicitFileType = wrapper.cfbundle; includeInIndex = 0; path = wordscrambleUITests.xctest; sourceTree = BUILT_PRODUCTS_DIR; };
		20F2863F2280604E001EADCF /* wordscrambleUITests.swift */ = {isa = PBXFileReference; lastKnownFileType = sourcecode.swift; path = wordscrambleUITests.swift; sourceTree = "<group>"; };
		20F286412280604E001EADCF /* Info.plist */ = {isa = PBXFileReference; lastKnownFileType = text.plist.xml; path = Info.plist; sourceTree = "<group>"; };
		20F2864D2280631C001EADCF /* start.txt */ = {isa = PBXFileReference; fileEncoding = 4; lastKnownFileType = text; path = start.txt; sourceTree = "<group>"; };
/* End PBXFileReference section */

/* Begin PBXFrameworksBuildPhase section */
		20F286192280604D001EADCF /* Frameworks */ = {
			isa = PBXFrameworksBuildPhase;
			buildActionMask = 2147483647;
			files = (
			);
			runOnlyForDeploymentPostprocessing = 0;
		};
		20F2862D2280604E001EADCF /* Frameworks */ = {
			isa = PBXFrameworksBuildPhase;
			buildActionMask = 2147483647;
			files = (
			);
			runOnlyForDeploymentPostprocessing = 0;
		};
		20F286382280604E001EADCF /* Frameworks */ = {
			isa = PBXFrameworksBuildPhase;
			buildActionMask = 2147483647;
			files = (
			);
			runOnlyForDeploymentPostprocessing = 0;
		};
/* End PBXFrameworksBuildPhase section */

/* Begin PBXGroup section */
		20F286132280604C001EADCF = {
			isa = PBXGroup;
			children = (
				20F2861E2280604D001EADCF /* wordscramble */,
				20F286332280604E001EADCF /* wordscrambleTests */,
				20F2863E2280604E001EADCF /* wordscrambleUITests */,
				20F2861D2280604D001EADCF /* Products */,
			);
			sourceTree = "<group>";
		};
		20F2861D2280604D001EADCF /* Products */ = {
			isa = PBXGroup;
			children = (
				20F2861C2280604D001EADCF /* wordscramble.app */,
				20F286302280604E001EADCF /* wordscrambleTests.xctest */,
				20F2863B2280604E001EADCF /* wordscrambleUITests.xctest */,
			);
			name = Products;
			sourceTree = "<group>";
		};
		20F2861E2280604D001EADCF /* wordscramble */ = {
			isa = PBXGroup;
			children = (
				20F2861F2280604D001EADCF /* AppDelegate.swift */,
				20F286212280604D001EADCF /* ViewController.swift */,
				20F286232280604D001EADCF /* Main.storyboard */,
				20F286262280604E001EADCF /* Assets.xcassets */,
				20F286282280604E001EADCF /* LaunchScreen.storyboard */,
				20F2862B2280604E001EADCF /* Info.plist */,
				20F2864D2280631C001EADCF /* start.txt */,
			);
			path = wordscramble;
			sourceTree = "<group>";
		};
		20F286332280604E001EADCF /* wordscrambleTests */ = {
			isa = PBXGroup;
			children = (
				20F286342280604E001EADCF /* wordscrambleTests.swift */,
				20F286362280604E001EADCF /* Info.plist */,
			);
			path = wordscrambleTests;
			sourceTree = "<group>";
		};
		20F2863E2280604E001EADCF /* wordscrambleUITests */ = {
			isa = PBXGroup;
			children = (
				20F2863F2280604E001EADCF /* wordscrambleUITests.swift */,
				20F286412280604E001EADCF /* Info.plist */,
			);
			path = wordscrambleUITests;
			sourceTree = "<group>";
		};
/* End PBXGroup section */

/* Begin PBXNativeTarget section */
		20F2861B2280604D001EADCF /* wordscramble */ = {
			isa = PBXNativeTarget;
			buildConfigurationList = 20F286442280604E001EADCF /* Build configuration list for PBXNativeTarget "wordscramble" */;
			buildPhases = (
				20F286182280604D001EADCF /* Sources */,
				20F286192280604D001EADCF /* Frameworks */,
				20F2861A2280604D001EADCF /* Resources */,
			);
			buildRules = (
			);
			dependencies = (
			);
			name = wordscramble;
			productName = wordscramble;
			productReference = 20F2861C2280604D001EADCF /* wordscramble.app */;
			productType = "com.apple.product-type.application";
		};
		20F2862F2280604E001EADCF /* wordscrambleTests */ = {
			isa = PBXNativeTarget;
			buildConfigurationList = 20F286472280604E001EADCF /* Build configuration list for PBXNativeTarget "wordscrambleTests" */;
			buildPhases = (
				20F2862C2280604E001EADCF /* Sources */,
				20F2862D2280604E001EADCF /* Frameworks */,
				20F2862E2280604E001EADCF /* Resources */,
			);
			buildRules = (
			);
			dependencies = (
				20F286322280604E001EADCF /* PBXTargetDependency */,
			);
			name = wordscrambleTests;
			productName = wordscrambleTests;
			productReference = 20F286302280604E001EADCF /* wordscrambleTests.xctest */;
			productType = "com.apple.product-type.bundle.unit-test";
		};
		20F2863A2280604E001EADCF /* wordscrambleUITests */ = {
			isa = PBXNativeTarget;
			buildConfigurationList = 20F2864A2280604E001EADCF /* Build configuration list for PBXNativeTarget "wordscrambleUITests" */;
			buildPhases = (
				20F286372280604E001EADCF /* Sources */,
				20F286382280604E001EADCF /* Frameworks */,
				20F286392280604E001EADCF /* Resources */,
			);
			buildRules = (
			);
			dependencies = (
				20F2863D2280604E001EADCF /* PBXTargetDependency */,
			);
			name = wordscrambleUITests;
			productName = wordscrambleUITests;
			productReference = 20F2863B2280604E001EADCF /* wordscrambleUITests.xctest */;
			productType = "com.apple.product-type.bundle.ui-testing";
		};
/* End PBXNativeTarget section */

/* Begin PBXProject section */
		20F286142280604C001EADCF /* Project object */ = {
			isa = PBXProject;
			attributes = {
				LastSwiftUpdateCheck = 1020;
				LastUpgradeCheck = 1020;
				ORGANIZATIONNAME = BJ;
				TargetAttributes = {
					20F2861B2280604D001EADCF = {
						CreatedOnToolsVersion = 10.2.1;
					};
					20F2862F2280604E001EADCF = {
						CreatedOnToolsVersion = 10.2.1;
						TestTargetID = 20F2861B2280604D001EADCF;
					};
					20F2863A2280604E001EADCF = {
						CreatedOnToolsVersion = 10.2.1;
						TestTargetID = 20F2861B2280604D001EADCF;
					};
				};
			};
			buildConfigurationList = 20F286172280604C001EADCF /* Build configuration list for PBXProject "wordscramble" */;
			compatibilityVersion = "Xcode 9.3";
			developmentRegion = en;
			hasScannedForEncodings = 0;
			knownRegions = (
				en,
				Base,
			);
			mainGroup = 20F286132280604C001EADCF;
			productRefGroup = 20F2861D2280604D001EADCF /* Products */;
			projectDirPath = "";
			projectRoot = "";
			targets = (
				20F2861B2280604D001EADCF /* wordscramble */,
				20F2862F2280604E001EADCF /* wordscrambleTests */,
				20F2863A2280604E001EADCF /* wordscrambleUITests */,
			);
		};
/* End PBXProject section */

/* Begin PBXResourcesBuildPhase section */
		20F2861A2280604D001EADCF /* Resources */ = {
			isa = PBXResourcesBuildPhase;
			buildActionMask = 2147483647;
			files = (
				20F2862A2280604E001EADCF /* LaunchScreen.storyboard in Resources */,
				20F2864E2280631C001EADCF /* start.txt in Resources */,
				20F286272280604E001EADCF /* Assets.xcassets in Resources */,
				20F286252280604D001EADCF /* Main.storyboard in Resources */,
			);
			runOnlyForDeploymentPostprocessing = 0;
		};
		20F2862E2280604E001EADCF /* Resources */ = {
			isa = PBXResourcesBuildPhase;
			buildActionMask = 2147483647;
			files = (
			);
			runOnlyForDeploymentPostprocessing = 0;
		};
		20F286392280604E001EADCF /* Resources */ = {
			isa = PBXResourcesBuildPhase;
			buildActionMask = 2147483647;
			files = (
			);
			runOnlyForDeploymentPostprocessing = 0;
		};
/* End PBXResourcesBuildPhase section */

/* Begin PBXSourcesBuildPhase section */
		20F286182280604D001EADCF /* Sources */ = {
			isa = PBXSourcesBuildPhase;
			buildActionMask = 2147483647;
			files = (
				20F286222280604D001EADCF /* ViewController.swift in Sources */,
				20F286202280604D001EADCF /* AppDelegate.swift in Sources */,
			);
			runOnlyForDeploymentPostprocessing = 0;
		};
		20F2862C2280604E001EADCF /* Sources */ = {
			isa = PBXSourcesBuildPhase;
			buildActionMask = 2147483647;
			files = (
				20F286352280604E001EADCF /* wordscrambleTests.swift in Sources */,
			);
			runOnlyForDeploymentPostprocessing = 0;
		};
		20F286372280604E001EADCF /* Sources */ = {
			isa = PBXSourcesBuildPhase;
			buildActionMask = 2147483647;
			files = (
				20F286402280604E001EADCF /* wordscrambleUITests.swift in Sources */,
			);
			runOnlyForDeploymentPostprocessing = 0;
		};
/* End PBXSourcesBuildPhase section */

/* Begin PBXTargetDependency section */
		20F286322280604E001EADCF /* PBXTargetDependency */ = {
			isa = PBXTargetDependency;
			target = 20F2861B2280604D001EADCF /* wordscramble */;
			targetProxy = 20F286312280604E001EADCF /* PBXContainerItemProxy */;
		};
		20F2863D2280604E001EADCF /* PBXTargetDependency */ = {
			isa = PBXTargetDependency;
			target = 20F2861B2280604D001EADCF /* wordscramble */;
			targetProxy = 20F2863C2280604E001EADCF /* PBXContainerItemProxy */;
		};
/* End PBXTargetDependency section */

/* Begin PBXVariantGroup section */
		20F286232280604D001EADCF /* Main.storyboard */ = {
			isa = PBXVariantGroup;
			children = (
				20F286242280604D001EADCF /* Base */,
			);
			name = Main.storyboard;
			sourceTree = "<group>";
		};
		20F286282280604E001EADCF /* LaunchScreen.storyboard */ = {
			isa = PBXVariantGroup;
			children = (
				20F286292280604E001EADCF /* Base */,
			);
			name = LaunchScreen.storyboard;
			sourceTree = "<group>";
		};
/* End PBXVariantGroup section */

/* Begin XCBuildConfiguration section */
		20F286422280604E001EADCF /* Debug */ = {
			isa = XCBuildConfiguration;
			buildSettings = {
				ALWAYS_SEARCH_USER_PATHS = NO;
				CLANG_ANALYZER_NONNULL = YES;
				CLANG_ANALYZER_NUMBER_OBJECT_CONVERSION = YES_AGGRESSIVE;
				CLANG_CXX_LANGUAGE_STANDARD = "gnu++14";
				CLANG_CXX_LIBRARY = "libc++";
				CLANG_ENABLE_MODULES = YES;
				CLANG_ENABLE_OBJC_ARC = YES;
				CLANG_ENABLE_OBJC_WEAK = YES;
				CLANG_WARN_BLOCK_CAPTURE_AUTORELEASING = YES;
				CLANG_WARN_BOOL_CONVERSION = YES;
				CLANG_WARN_COMMA = YES;
				CLANG_WARN_CONSTANT_CONVERSION = YES;
				CLANG_WARN_DEPRECATED_OBJC_IMPLEMENTATIONS = YES;
				CLANG_WARN_DIRECT_OBJC_ISA_USAGE = YES_ERROR;
				CLANG_WARN_DOCUMENTATION_COMMENTS = YES;
				CLANG_WARN_EMPTY_BODY = YES;
				CLANG_WARN_ENUM_CONVERSION = YES;
				CLANG_WARN_INFINITE_RECURSION = YES;
				CLANG_WARN_INT_CONVERSION = YES;
				CLANG_WARN_NON_LITERAL_NULL_CONVERSION = YES;
				CLANG_WARN_OBJC_IMPLICIT_RETAIN_SELF = YES;
				CLANG_WARN_OBJC_LITERAL_CONVERSION = YES;
				CLANG_WARN_OBJC_ROOT_CLASS = YES_ERROR;
				CLANG_WARN_RANGE_LOOP_ANALYSIS = YES;
				CLANG_WARN_STRICT_PROTOTYPES = YES;
				CLANG_WARN_SUSPICIOUS_MOVE = YES;
				CLANG_WARN_UNGUARDED_AVAILABILITY = YES_AGGRESSIVE;
				CLANG_WARN_UNREACHABLE_CODE = YES;
				CLANG_WARN__DUPLICATE_METHOD_MATCH = YES;
				CODE_SIGN_IDENTITY = "iPhone Developer";
				COPY_PHASE_STRIP = NO;
				DEBUG_INFORMATION_FORMAT = dwarf;
				ENABLE_STRICT_OBJC_MSGSEND = YES;
				ENABLE_TESTABILITY = YES;
				GCC_C_LANGUAGE_STANDARD = gnu11;
				GCC_DYNAMIC_NO_PIC = NO;
				GCC_NO_COMMON_BLOCKS = YES;
				GCC_OPTIMIZATION_LEVEL = 0;
				GCC_PREPROCESSOR_DEFINITIONS = (
					"DEBUG=1",
					"$(inherited)",
				);
				GCC_WARN_64_TO_32_BIT_CONVERSION = YES;
				GCC_WARN_ABOUT_RETURN_TYPE = YES_ERROR;
				GCC_WARN_UNDECLARED_SELECTOR = YES;
				GCC_WARN_UNINITIALIZED_AUTOS = YES_AGGRESSIVE;
				GCC_WARN_UNUSED_FUNCTION = YES;
				GCC_WARN_UNUSED_VARIABLE = YES;
				IPHONEOS_DEPLOYMENT_TARGET = 12.2;
				MTL_ENABLE_DEBUG_INFO = INCLUDE_SOURCE;
				MTL_FAST_MATH = YES;
				ONLY_ACTIVE_ARCH = YES;
				SDKROOT = iphoneos;
				SWIFT_ACTIVE_COMPILATION_CONDITIONS = DEBUG;
				SWIFT_OPTIMIZATION_LEVEL = "-Onone";
			};
			name = Debug;
		};
		20F286432280604E001EADCF /* Release */ = {
			isa = XCBuildConfiguration;
			buildSettings = {
				ALWAYS_SEARCH_USER_PATHS = NO;
				CLANG_ANALYZER_NONNULL = YES;
				CLANG_ANALYZER_NUMBER_OBJECT_CONVERSION = YES_AGGRESSIVE;
				CLANG_CXX_LANGUAGE_STANDARD = "gnu++14";
				CLANG_CXX_LIBRARY = "libc++";
				CLANG_ENABLE_MODULES = YES;
				CLANG_ENABLE_OBJC_ARC = YES;
				CLANG_ENABLE_OBJC_WEAK = YES;
				CLANG_WARN_BLOCK_CAPTURE_AUTORELEASING = YES;
				CLANG_WARN_BOOL_CONVERSION = YES;
				CLANG_WARN_COMMA = YES;
				CLANG_WARN_CONSTANT_CONVERSION = YES;
				CLANG_WARN_DEPRECATED_OBJC_IMPLEMENTATIONS = YES;
				CLANG_WARN_DIRECT_OBJC_ISA_USAGE = YES_ERROR;
				CLANG_WARN_DOCUMENTATION_COMMENTS = YES;
				CLANG_WARN_EMPTY_BODY = YES;
				CLANG_WARN_ENUM_CONVERSION = YES;
				CLANG_WARN_INFINITE_RECURSION = YES;
				CLANG_WARN_INT_CONVERSION = YES;
				CLANG_WARN_NON_LITERAL_NULL_CONVERSION = YES;
				CLANG_WARN_OBJC_IMPLICIT_RETAIN_SELF = YES;
				CLANG_WARN_OBJC_LITERAL_CONVERSION = YES;
				CLANG_WARN_OBJC_ROOT_CLASS = YES_ERROR;
				CLANG_WARN_RANGE_LOOP_ANALYSIS = YES;
				CLANG_WARN_STRICT_PROTOTYPES = YES;
				CLANG_WARN_SUSPICIOUS_MOVE = YES;
				CLANG_WARN_UNGUARDED_AVAILABILITY = YES_AGGRESSIVE;
				CLANG_WARN_UNREACHABLE_CODE = YES;
				CLANG_WARN__DUPLICATE_METHOD_MATCH = YES;
				CODE_SIGN_IDENTITY = "iPhone Developer";
				COPY_PHASE_STRIP = NO;
				DEBUG_INFORMATION_FORMAT = "dwarf-with-dsym";
				ENABLE_NS_ASSERTIONS = NO;
				ENABLE_STRICT_OBJC_MSGSEND = YES;
				GCC_C_LANGUAGE_STANDARD = gnu11;
				GCC_NO_COMMON_BLOCKS = YES;
				GCC_WARN_64_TO_32_BIT_CONVERSION = YES;
				GCC_WARN_ABOUT_RETURN_TYPE = YES_ERROR;
				GCC_WARN_UNDECLARED_SELECTOR = YES;
				GCC_WARN_UNINITIALIZED_AUTOS = YES_AGGRESSIVE;
				GCC_WARN_UNUSED_FUNCTION = YES;
				GCC_WARN_UNUSED_VARIABLE = YES;
				IPHONEOS_DEPLOYMENT_TARGET = 12.2;
				MTL_ENABLE_DEBUG_INFO = NO;
				MTL_FAST_MATH = YES;
				SDKROOT = iphoneos;
				SWIFT_COMPILATION_MODE = wholemodule;
				SWIFT_OPTIMIZATION_LEVEL = "-O";
				VALIDATE_PRODUCT = YES;
			};
			name = Release;
		};
		20F286452280604E001EADCF /* Debug */ = {
			isa = XCBuildConfiguration;
			buildSettings = {
				ASSETCATALOG_COMPILER_APPICON_NAME = AppIcon;
				CODE_SIGN_STYLE = Automatic;
				DEVELOPMENT_TEAM = D6RXP55TYQ;
				INFOPLIST_FILE = wordscramble/Info.plist;
				LD_RUNPATH_SEARCH_PATHS = (
					"$(inherited)",
					"@executable_path/Frameworks",
				);
				PRODUCT_BUNDLE_IDENTIFIER = zo0d.wordscramble;
				PRODUCT_NAME = "$(TARGET_NAME)";
				SWIFT_VERSION = 5.0;
				TARGETED_DEVICE_FAMILY = "1,2";
			};
			name = Debug;
		};
		20F286462280604E001EADCF /* Release */ = {
			isa = XCBuildConfiguration;
			buildSettings = {
				ASSETCATALOG_COMPILER_APPICON_NAME = AppIcon;
				CODE_SIGN_STYLE = Automatic;
				DEVELOPMENT_TEAM = D6RXP55TYQ;
				INFOPLIST_FILE = wordscramble/Info.plist;
				LD_RUNPATH_SEARCH_PATHS = (
					"$(inherited)",
					"@executable_path/Frameworks",
				);
				PRODUCT_BUNDLE_IDENTIFIER = zo0d.wordscramble;
				PRODUCT_NAME = "$(TARGET_NAME)";
				SWIFT_VERSION = 5.0;
				TARGETED_DEVICE_FAMILY = "1,2";
			};
			name = Release;
		};
		20F286482280604E001EADCF /* Debug */ = {
			isa = XCBuildConfiguration;
			buildSettings = {
				ALWAYS_EMBED_SWIFT_STANDARD_LIBRARIES = YES;
				BUNDLE_LOADER = "$(TEST_HOST)";
				CODE_SIGN_STYLE = Automatic;
				INFOPLIST_FILE = wordscrambleTests/Info.plist;
				LD_RUNPATH_SEARCH_PATHS = (
					"$(inherited)",
					"@executable_path/Frameworks",
					"@loader_path/Frameworks",
				);
				PRODUCT_BUNDLE_IDENTIFIER = zo0d.wordscrambleTests;
				PRODUCT_NAME = "$(TARGET_NAME)";
				SWIFT_VERSION = 5.0;
				TARGETED_DEVICE_FAMILY = "1,2";
				TEST_HOST = "$(BUILT_PRODUCTS_DIR)/wordscramble.app/wordscramble";
			};
			name = Debug;
		};
		20F286492280604E001EADCF /* Release */ = {
			isa = XCBuildConfiguration;
			buildSettings = {
				ALWAYS_EMBED_SWIFT_STANDARD_LIBRARIES = YES;
				BUNDLE_LOADER = "$(TEST_HOST)";
				CODE_SIGN_STYLE = Automatic;
				INFOPLIST_FILE = wordscrambleTests/Info.plist;
				LD_RUNPATH_SEARCH_PATHS = (
					"$(inherited)",
					"@executable_path/Frameworks",
					"@loader_path/Frameworks",
				);
				PRODUCT_BUNDLE_IDENTIFIER = zo0d.wordscrambleTests;
				PRODUCT_NAME = "$(TARGET_NAME)";
				SWIFT_VERSION = 5.0;
				TARGETED_DEVICE_FAMILY = "1,2";
				TEST_HOST = "$(BUILT_PRODUCTS_DIR)/wordscramble.app/wordscramble";
			};
			name = Release;
		};
		20F2864B2280604E001EADCF /* Debug */ = {
			isa = XCBuildConfiguration;
			buildSettings = {
				ALWAYS_EMBED_SWIFT_STANDARD_LIBRARIES = YES;
				CODE_SIGN_STYLE = Automatic;
				INFOPLIST_FILE = wordscrambleUITests/Info.plist;
				LD_RUNPATH_SEARCH_PATHS = (
					"$(inherited)",
					"@executable_path/Frameworks",
					"@loader_path/Frameworks",
				);
				PRODUCT_BUNDLE_IDENTIFIER = zo0d.wordscrambleUITests;
				PRODUCT_NAME = "$(TARGET_NAME)";
				SWIFT_VERSION = 5.0;
				TARGETED_DEVICE_FAMILY = "1,2";
				TEST_TARGET_NAME = wordscramble;
			};
			name = Debug;
		};
		20F2864C2280604E001EADCF /* Release */ = {
			isa = XCBuildConfiguration;
			buildSettings = {
				ALWAYS_EMBED_SWIFT_STANDARD_LIBRARIES = YES;
				CODE_SIGN_STYLE = Automatic;
				INFOPLIST_FILE = wordscrambleUITests/Info.plist;
				LD_RUNPATH_SEARCH_PATHS = (
					"$(inherited)",
					"@executable_path/Frameworks",
					"@loader_path/Frameworks",
				);
				PRODUCT_BUNDLE_IDENTIFIER = zo0d.wordscrambleUITests;
				PRODUCT_NAME = "$(TARGET_NAME)";
				SWIFT_VERSION = 5.0;
				TARGETED_DEVICE_FAMILY = "1,2";
				TEST_TARGET_NAME = wordscramble;
			};
			name = Release;
		};
/* End XCBuildConfiguration section */

/* Begin XCConfigurationList section */
		20F286172280604C001EADCF /* Build configuration list for PBXProject "wordscramble" */ = {
			isa = XCConfigurationList;
			buildConfigurations = (
				20F286422280604E001EADCF /* Debug */,
				20F286432280604E001EADCF /* Release */,
			);
			defaultConfigurationIsVisible = 0;
			defaultConfigurationName = Release;
		};
		20F286442280604E001EADCF /* Build configuration list for PBXNativeTarget "wordscramble" */ = {
			isa = XCConfigurationList;
			buildConfigurations = (
				20F286452280604E001EADCF /* Debug */,
				20F286462280604E001EADCF /* Release */,
			);
			defaultConfigurationIsVisible = 0;
			defaultConfigurationName = Release;
		};
		20F286472280604E001EADCF /* Build configuration list for PBXNativeTarget "wordscrambleTests" */ = {
			isa = XCConfigurationList;
			buildConfigurations = (
				20F286482280604E001EADCF /* Debug */,
				20F286492280604E001EADCF /* Release */,
			);
			defaultConfigurationIsVisible = 0;
			defaultConfigurationName = Release;
		};
		20F2864A2280604E001EADCF /* Build configuration list for PBXNativeTarget "wordscrambleUITests" */ = {
			isa = XCConfigurationList;
			buildConfigurations = (
				20F2864B2280604E001EADCF /* Debug */,
				20F2864C2280604E001EADCF /* Release */,
			);
			defaultConfigurationIsVisible = 0;
			defaultConfigurationName = Release;
		};
/* End XCConfigurationList section */
	};
	rootObject = 20F286142280604C001EADCF /* Project object */;
}
